// !$*UTF8*$!
{
	archiveVersion = 1;
	classes = {
	};
	objectVersion = 56;
	objects = {

/* Begin PBXBuildFile section */
		414FD5992897B0B500760438 /* AppIntentsDemoApp.swift in Sources */ = {isa = PBXBuildFile; fileRef = 414FD5982897B0B500760438 /* AppIntentsDemoApp.swift */; };
		414FD59B2897B0B500760438 /* ContentView.swift in Sources */ = {isa = PBXBuildFile; fileRef = 414FD59A2897B0B500760438 /* ContentView.swift */; };
		414FD59D2897B0B700760438 /* Assets.xcassets in Resources */ = {isa = PBXBuildFile; fileRef = 414FD59C2897B0B700760438 /* Assets.xcassets */; };
		414FD5A02897B0B700760438 /* Preview Assets.xcassets in Resources */ = {isa = PBXBuildFile; fileRef = 414FD59F2897B0B700760438 /* Preview Assets.xcassets */; };
		414FD5AA2897B0B800760438 /* AppIntentsDemoTests.swift in Sources */ = {isa = PBXBuildFile; fileRef = 414FD5A92897B0B800760438 /* AppIntentsDemoTests.swift */; };
		414FD5B42897B0B800760438 /* AppIntentsDemoUITests.swift in Sources */ = {isa = PBXBuildFile; fileRef = 414FD5B32897B0B800760438 /* AppIntentsDemoUITests.swift */; };
		414FD5B62897B0B800760438 /* AppIntentsDemoUITestsLaunchTests.swift in Sources */ = {isa = PBXBuildFile; fileRef = 414FD5B52897B0B800760438 /* AppIntentsDemoUITestsLaunchTests.swift */; };
/* End PBXBuildFile section */

/* Begin PBXContainerItemProxy section */
		414FD5A62897B0B800760438 /* PBXContainerItemProxy */ = {
			isa = PBXContainerItemProxy;
			containerPortal = 414FD58D2897B0B500760438 /* Project object */;
			proxyType = 1;
			remoteGlobalIDString = 414FD5942897B0B500760438;
			remoteInfo = AppIntentsDemo;
		};
		414FD5B02897B0B800760438 /* PBXContainerItemProxy */ = {
			isa = PBXContainerItemProxy;
			containerPortal = 414FD58D2897B0B500760438 /* Project object */;
			proxyType = 1;
			remoteGlobalIDString = 414FD5942897B0B500760438;
			remoteInfo = AppIntentsDemo;
		};
/* End PBXContainerItemProxy section */

/* Begin PBXFileReference section */
		414FD5952897B0B500760438 /* AppIntentsDemo.app */ = {isa = PBXFileReference; explicitFileType = wrapper.application; includeInIndex = 0; path = AppIntentsDemo.app; sourceTree = BUILT_PRODUCTS_DIR; };
		414FD5982897B0B500760438 /* AppIntentsDemoApp.swift */ = {isa = PBXFileReference; lastKnownFileType = sourcecode.swift; path = AppIntentsDemoApp.swift; sourceTree = "<group>"; };
		414FD59A2897B0B500760438 /* ContentView.swift */ = {isa = PBXFileReference; lastKnownFileType = sourcecode.swift; path = ContentView.swift; sourceTree = "<group>"; };
		414FD59C2897B0B700760438 /* Assets.xcassets */ = {isa = PBXFileReference; lastKnownFileType = folder.assetcatalog; path = Assets.xcassets; sourceTree = "<group>"; };
		414FD59F2897B0B700760438 /* Preview Assets.xcassets */ = {isa = PBXFileReference; lastKnownFileType = folder.assetcatalog; path = "Preview Assets.xcassets"; sourceTree = "<group>"; };
		414FD5A52897B0B800760438 /* AppIntentsDemoTests.xctest */ = {isa = PBXFileReference; explicitFileType = wrapper.cfbundle; includeInIndex = 0; path = AppIntentsDemoTests.xctest; sourceTree = BUILT_PRODUCTS_DIR; };
		414FD5A92897B0B800760438 /* AppIntentsDemoTests.swift */ = {isa = PBXFileReference; lastKnownFileType = sourcecode.swift; path = AppIntentsDemoTests.swift; sourceTree = "<group>"; };
		414FD5AF2897B0B800760438 /* AppIntentsDemoUITests.xctest */ = {isa = PBXFileReference; explicitFileType = wrapper.cfbundle; includeInIndex = 0; path = AppIntentsDemoUITests.xctest; sourceTree = BUILT_PRODUCTS_DIR; };
		414FD5B32897B0B800760438 /* AppIntentsDemoUITests.swift */ = {isa = PBXFileReference; lastKnownFileType = sourcecode.swift; path = AppIntentsDemoUITests.swift; sourceTree = "<group>"; };
		414FD5B52897B0B800760438 /* AppIntentsDemoUITestsLaunchTests.swift */ = {isa = PBXFileReference; lastKnownFileType = sourcecode.swift; path = AppIntentsDemoUITestsLaunchTests.swift; sourceTree = "<group>"; };
/* End PBXFileReference section */

/* Begin PBXFrameworksBuildPhase section */
		414FD5922897B0B500760438 /* Frameworks */ = {
			isa = PBXFrameworksBuildPhase;
			buildActionMask = 2147483647;
			files = (
			);
			runOnlyForDeploymentPostprocessing = 0;
		};
		414FD5A22897B0B800760438 /* Frameworks */ = {
			isa = PBXFrameworksBuildPhase;
			buildActionMask = 2147483647;
			files = (
			);
			runOnlyForDeploymentPostprocessing = 0;
		};
		414FD5AC2897B0B800760438 /* Frameworks */ = {
			isa = PBXFrameworksBuildPhase;
			buildActionMask = 2147483647;
			files = (
			);
			runOnlyForDeploymentPostprocessing = 0;
		};
/* End PBXFrameworksBuildPhase section */

/* Begin PBXGroup section */
		414FD58C2897B0B500760438 = {
			isa = PBXGroup;
			children = (
				414FD5972897B0B500760438 /* AppIntentsDemo */,
				414FD5A82897B0B800760438 /* AppIntentsDemoTests */,
				414FD5B22897B0B800760438 /* AppIntentsDemoUITests */,
				414FD5962897B0B500760438 /* Products */,
			);
			sourceTree = "<group>";
		};
		414FD5962897B0B500760438 /* Products */ = {
			isa = PBXGroup;
			children = (
				414FD5952897B0B500760438 /* AppIntentsDemo.app */,
				414FD5A52897B0B800760438 /* AppIntentsDemoTests.xctest */,
				414FD5AF2897B0B800760438 /* AppIntentsDemoUITests.xctest */,
			);
			name = Products;
			sourceTree = "<group>";
		};
		414FD5972897B0B500760438 /* AppIntentsDemo */ = {
			isa = PBXGroup;
			children = (
				414FD5982897B0B500760438 /* AppIntentsDemoApp.swift */,
				414FD59A2897B0B500760438 /* ContentView.swift */,
				414FD59C2897B0B700760438 /* Assets.xcassets */,
				414FD59E2897B0B700760438 /* Preview Content */,
			);
			path = AppIntentsDemo;
			sourceTree = "<group>";
		};
		414FD59E2897B0B700760438 /* Preview Content */ = {
			isa = PBXGroup;
			children = (
				414FD59F2897B0B700760438 /* Preview Assets.xcassets */,
			);
			path = "Preview Content";
			sourceTree = "<group>";
		};
		414FD5A82897B0B800760438 /* AppIntentsDemoTests */ = {
			isa = PBXGroup;
			children = (
				414FD5A92897B0B800760438 /* AppIntentsDemoTests.swift */,
			);
			path = AppIntentsDemoTests;
			sourceTree = "<group>";
		};
		414FD5B22897B0B800760438 /* AppIntentsDemoUITests */ = {
			isa = PBXGroup;
			children = (
				414FD5B32897B0B800760438 /* AppIntentsDemoUITests.swift */,
				414FD5B52897B0B800760438 /* AppIntentsDemoUITestsLaunchTests.swift */,
			);
			path = AppIntentsDemoUITests;
			sourceTree = "<group>";
		};
/* End PBXGroup section */

/* Begin PBXNativeTarget section */
		414FD5942897B0B500760438 /* AppIntentsDemo */ = {
			isa = PBXNativeTarget;
			buildConfigurationList = 414FD5B92897B0B800760438 /* Build configuration list for PBXNativeTarget "AppIntentsDemo" */;
			buildPhases = (
				414FD5912897B0B500760438 /* Sources */,
				414FD5922897B0B500760438 /* Frameworks */,
				414FD5932897B0B500760438 /* Resources */,
			);
			buildRules = (
			);
			dependencies = (
			);
			name = AppIntentsDemo;
			productName = AppIntentsDemo;
			productReference = 414FD5952897B0B500760438 /* AppIntentsDemo.app */;
			productType = "com.apple.product-type.application";
		};
		414FD5A42897B0B800760438 /* AppIntentsDemoTests */ = {
			isa = PBXNativeTarget;
			buildConfigurationList = 414FD5BC2897B0B800760438 /* Build configuration list for PBXNativeTarget "AppIntentsDemoTests" */;
			buildPhases = (
				414FD5A12897B0B800760438 /* Sources */,
				414FD5A22897B0B800760438 /* Frameworks */,
				414FD5A32897B0B800760438 /* Resources */,
			);
			buildRules = (
			);
			dependencies = (
				414FD5A72897B0B800760438 /* PBXTargetDependency */,
			);
			name = AppIntentsDemoTests;
			productName = AppIntentsDemoTests;
			productReference = 414FD5A52897B0B800760438 /* AppIntentsDemoTests.xctest */;
			productType = "com.apple.product-type.bundle.unit-test";
		};
		414FD5AE2897B0B800760438 /* AppIntentsDemoUITests */ = {
			isa = PBXNativeTarget;
			buildConfigurationList = 414FD5BF2897B0B800760438 /* Build configuration list for PBXNativeTarget "AppIntentsDemoUITests" */;
			buildPhases = (
				414FD5AB2897B0B800760438 /* Sources */,
				414FD5AC2897B0B800760438 /* Frameworks */,
				414FD5AD2897B0B800760438 /* Resources */,
			);
			buildRules = (
			);
			dependencies = (
				414FD5B12897B0B800760438 /* PBXTargetDependency */,
			);
			name = AppIntentsDemoUITests;
			productName = AppIntentsDemoUITests;
			productReference = 414FD5AF2897B0B800760438 /* AppIntentsDemoUITests.xctest */;
			productType = "com.apple.product-type.bundle.ui-testing";
		};
/* End PBXNativeTarget section */

/* Begin PBXProject section */
		414FD58D2897B0B500760438 /* Project object */ = {
			isa = PBXProject;
			attributes = {
				BuildIndependentTargetsInParallel = 1;
				LastSwiftUpdateCheck = 1400;
				LastUpgradeCheck = 1400;
				TargetAttributes = {
					414FD5942897B0B500760438 = {
						CreatedOnToolsVersion = 14.0;
					};
					414FD5A42897B0B800760438 = {
						CreatedOnToolsVersion = 14.0;
						TestTargetID = 414FD5942897B0B500760438;
					};
					414FD5AE2897B0B800760438 = {
						CreatedOnToolsVersion = 14.0;
						TestTargetID = 414FD5942897B0B500760438;
					};
				};
			};
			buildConfigurationList = 414FD5902897B0B500760438 /* Build configuration list for PBXProject "AppIntentsDemo" */;
			compatibilityVersion = "Xcode 14.0";
			developmentRegion = en;
			hasScannedForEncodings = 0;
			knownRegions = (
				en,
				Base,
			);
			mainGroup = 414FD58C2897B0B500760438;
			productRefGroup = 414FD5962897B0B500760438 /* Products */;
			projectDirPath = "";
			projectRoot = "";
			targets = (
				414FD5942897B0B500760438 /* AppIntentsDemo */,
				414FD5A42897B0B800760438 /* AppIntentsDemoTests */,
				414FD5AE2897B0B800760438 /* AppIntentsDemoUITests */,
			);
		};
/* End PBXProject section */

/* Begin PBXResourcesBuildPhase section */
		414FD5932897B0B500760438 /* Resources */ = {
			isa = PBXResourcesBuildPhase;
			buildActionMask = 2147483647;
			files = (
				414FD5A02897B0B700760438 /* Preview Assets.xcassets in Resources */,
				414FD59D2897B0B700760438 /* Assets.xcassets in Resources */,
			);
			runOnlyForDeploymentPostprocessing = 0;
		};
		414FD5A32897B0B800760438 /* Resources */ = {
			isa = PBXResourcesBuildPhase;
			buildActionMask = 2147483647;
			files = (
			);
			runOnlyForDeploymentPostprocessing = 0;
		};
		414FD5AD2897B0B800760438 /* Resources */ = {
			isa = PBXResourcesBuildPhase;
			buildActionMask = 2147483647;
			files = (
			);
			runOnlyForDeploymentPostprocessing = 0;
		};
/* End PBXResourcesBuildPhase section */

/* Begin PBXSourcesBuildPhase section */
		414FD5912897B0B500760438 /* Sources */ = {
			isa = PBXSourcesBuildPhase;
			buildActionMask = 2147483647;
			files = (
				414FD59B2897B0B500760438 /* ContentView.swift in Sources */,
				414FD5992897B0B500760438 /* AppIntentsDemoApp.swift in Sources */,
			);
			runOnlyForDeploymentPostprocessing = 0;
		};
		414FD5A12897B0B800760438 /* Sources */ = {
			isa = PBXSourcesBuildPhase;
			buildActionMask = 2147483647;
			files = (
				414FD5AA2897B0B800760438 /* AppIntentsDemoTests.swift in Sources */,
			);
			runOnlyForDeploymentPostprocessing = 0;
		};
		414FD5AB2897B0B800760438 /* Sources */ = {
			isa = PBXSourcesBuildPhase;
			buildActionMask = 2147483647;
			files = (
				414FD5B42897B0B800760438 /* AppIntentsDemoUITests.swift in Sources */,
				414FD5B62897B0B800760438 /* AppIntentsDemoUITestsLaunchTests.swift in Sources */,
			);
			runOnlyForDeploymentPostprocessing = 0;
		};
/* End PBXSourcesBuildPhase section */

/* Begin PBXTargetDependency section */
		414FD5A72897B0B800760438 /* PBXTargetDependency */ = {
			isa = PBXTargetDependency;
			target = 414FD5942897B0B500760438 /* AppIntentsDemo */;
			targetProxy = 414FD5A62897B0B800760438 /* PBXContainerItemProxy */;
		};
		414FD5B12897B0B800760438 /* PBXTargetDependency */ = {
			isa = PBXTargetDependency;
			target = 414FD5942897B0B500760438 /* AppIntentsDemo */;
			targetProxy = 414FD5B02897B0B800760438 /* PBXContainerItemProxy */;
		};
/* End PBXTargetDependency section */

/* Begin XCBuildConfiguration section */
		414FD5B72897B0B800760438 /* Debug */ = {
			isa = XCBuildConfiguration;
			buildSettings = {
				ALWAYS_SEARCH_USER_PATHS = NO;
				CLANG_ANALYZER_NONNULL = YES;
				CLANG_ANALYZER_NUMBER_OBJECT_CONVERSION = YES_AGGRESSIVE;
				CLANG_CXX_LANGUAGE_STANDARD = "gnu++20";
				CLANG_ENABLE_MODULES = YES;
				CLANG_ENABLE_OBJC_ARC = YES;
				CLANG_ENABLE_OBJC_WEAK = YES;
				CLANG_WARN_BLOCK_CAPTURE_AUTORELEASING = YES;
				CLANG_WARN_BOOL_CONVERSION = YES;
				CLANG_WARN_COMMA = YES;
				CLANG_WARN_CONSTANT_CONVERSION = YES;
				CLANG_WARN_DEPRECATED_OBJC_IMPLEMENTATIONS = YES;
				CLANG_WARN_DIRECT_OBJC_ISA_USAGE = YES_ERROR;
				CLANG_WARN_DOCUMENTATION_COMMENTS = YES;
				CLANG_WARN_EMPTY_BODY = YES;
				CLANG_WARN_ENUM_CONVERSION = YES;
				CLANG_WARN_INFINITE_RECURSION = YES;
				CLANG_WARN_INT_CONVERSION = YES;
				CLANG_WARN_NON_LITERAL_NULL_CONVERSION = YES;
				CLANG_WARN_OBJC_IMPLICIT_RETAIN_SELF = YES;
				CLANG_WARN_OBJC_LITERAL_CONVERSION = YES;
				CLANG_WARN_OBJC_ROOT_CLASS = YES_ERROR;
				CLANG_WARN_QUOTED_INCLUDE_IN_FRAMEWORK_HEADER = YES;
				CLANG_WARN_RANGE_LOOP_ANALYSIS = YES;
				CLANG_WARN_STRICT_PROTOTYPES = YES;
				CLANG_WARN_SUSPICIOUS_MOVE = YES;
				CLANG_WARN_UNGUARDED_AVAILABILITY = YES_AGGRESSIVE;
				CLANG_WARN_UNREACHABLE_CODE = YES;
				CLANG_WARN__DUPLICATE_METHOD_MATCH = YES;
				COPY_PHASE_STRIP = NO;
				DEBUG_INFORMATION_FORMAT = dwarf;
				ENABLE_STRICT_OBJC_MSGSEND = YES;
				ENABLE_TESTABILITY = YES;
				GCC_C_LANGUAGE_STANDARD = gnu11;
				GCC_DYNAMIC_NO_PIC = NO;
				GCC_NO_COMMON_BLOCKS = YES;
				GCC_OPTIMIZATION_LEVEL = 0;
				GCC_PREPROCESSOR_DEFINITIONS = (
					"DEBUG=1",
					"$(inherited)",
				);
				GCC_WARN_64_TO_32_BIT_CONVERSION = YES;
				GCC_WARN_ABOUT_RETURN_TYPE = YES_ERROR;
				GCC_WARN_UNDECLARED_SELECTOR = YES;
				GCC_WARN_UNINITIALIZED_AUTOS = YES_AGGRESSIVE;
				GCC_WARN_UNUSED_FUNCTION = YES;
				GCC_WARN_UNUSED_VARIABLE = YES;
				IPHONEOS_DEPLOYMENT_TARGET = 16.0;
				MTL_ENABLE_DEBUG_INFO = INCLUDE_SOURCE;
				MTL_FAST_MATH = YES;
				ONLY_ACTIVE_ARCH = YES;
				SDKROOT = iphoneos;
				SWIFT_ACTIVE_COMPILATION_CONDITIONS = DEBUG;
				SWIFT_OPTIMIZATION_LEVEL = "-Onone";
			};
			name = Debug;
		};
		414FD5B82897B0B800760438 /* Release */ = {
			isa = XCBuildConfiguration;
			buildSettings = {
				ALWAYS_SEARCH_USER_PATHS = NO;
				CLANG_ANALYZER_NONNULL = YES;
				CLANG_ANALYZER_NUMBER_OBJECT_CONVERSION = YES_AGGRESSIVE;
				CLANG_CXX_LANGUAGE_STANDARD = "gnu++20";
				CLANG_ENABLE_MODULES = YES;
				CLANG_ENABLE_OBJC_ARC = YES;
				CLANG_ENABLE_OBJC_WEAK = YES;
				CLANG_WARN_BLOCK_CAPTURE_AUTORELEASING = YES;
				CLANG_WARN_BOOL_CONVERSION = YES;
				CLANG_WARN_COMMA = YES;
				CLANG_WARN_CONSTANT_CONVERSION = YES;
				CLANG_WARN_DEPRECATED_OBJC_IMPLEMENTATIONS = YES;
				CLANG_WARN_DIRECT_OBJC_ISA_USAGE = YES_ERROR;
				CLANG_WARN_DOCUMENTATION_COMMENTS = YES;
				CLANG_WARN_EMPTY_BODY = YES;
				CLANG_WARN_ENUM_CONVERSION = YES;
				CLANG_WARN_INFINITE_RECURSION = YES;
				CLANG_WARN_INT_CONVERSION = YES;
				CLANG_WARN_NON_LITERAL_NULL_CONVERSION = YES;
				CLANG_WARN_OBJC_IMPLICIT_RETAIN_SELF = YES;
				CLANG_WARN_OBJC_LITERAL_CONVERSION = YES;
				CLANG_WARN_OBJC_ROOT_CLASS = YES_ERROR;
				CLANG_WARN_QUOTED_INCLUDE_IN_FRAMEWORK_HEADER = YES;
				CLANG_WARN_RANGE_LOOP_ANALYSIS = YES;
				CLANG_WARN_STRICT_PROTOTYPES = YES;
				CLANG_WARN_SUSPICIOUS_MOVE = YES;
				CLANG_WARN_UNGUARDED_AVAILABILITY = YES_AGGRESSIVE;
				CLANG_WARN_UNREACHABLE_CODE = YES;
				CLANG_WARN__DUPLICATE_METHOD_MATCH = YES;
				COPY_PHASE_STRIP = NO;
				DEBUG_INFORMATION_FORMAT = "dwarf-with-dsym";
				ENABLE_NS_ASSERTIONS = NO;
				ENABLE_STRICT_OBJC_MSGSEND = YES;
				GCC_C_LANGUAGE_STANDARD = gnu11;
				GCC_NO_COMMON_BLOCKS = YES;
				GCC_WARN_64_TO_32_BIT_CONVERSION = YES;
				GCC_WARN_ABOUT_RETURN_TYPE = YES_ERROR;
				GCC_WARN_UNDECLARED_SELECTOR = YES;
				GCC_WARN_UNINITIALIZED_AUTOS = YES_AGGRESSIVE;
				GCC_WARN_UNUSED_FUNCTION = YES;
				GCC_WARN_UNUSED_VARIABLE = YES;
				IPHONEOS_DEPLOYMENT_TARGET = 16.0;
				MTL_ENABLE_DEBUG_INFO = NO;
				MTL_FAST_MATH = YES;
				SDKROOT = iphoneos;
				SWIFT_COMPILATION_MODE = wholemodule;
				SWIFT_OPTIMIZATION_LEVEL = "-O";
				VALIDATE_PRODUCT = YES;
			};
			name = Release;
		};
		414FD5BA2897B0B800760438 /* Debug */ = {
			isa = XCBuildConfiguration;
			buildSettings = {
				ASSETCATALOG_COMPILER_APPICON_NAME = AppIcon;
				ASSETCATALOG_COMPILER_GLOBAL_ACCENT_COLOR_NAME = AccentColor;
				CODE_SIGN_STYLE = Automatic;
				CURRENT_PROJECT_VERSION = 1;
				DEVELOPMENT_ASSET_PATHS = "\"AppIntentsDemo/Preview Content\"";
				ENABLE_PREVIEWS = YES;
				GENERATE_INFOPLIST_FILE = YES;
				INFOPLIST_KEY_UIApplicationSceneManifest_Generation = YES;
				INFOPLIST_KEY_UIApplicationSupportsIndirectInputEvents = YES;
				INFOPLIST_KEY_UILaunchScreen_Generation = YES;
				INFOPLIST_KEY_UISupportedInterfaceOrientations_iPad = "UIInterfaceOrientationPortrait UIInterfaceOrientationPortraitUpsideDown UIInterfaceOrientationLandscapeLeft UIInterfaceOrientationLandscapeRight";
				INFOPLIST_KEY_UISupportedInterfaceOrientations_iPhone = "UIInterfaceOrientationPortrait UIInterfaceOrientationLandscapeLeft UIInterfaceOrientationLandscapeRight";
				LD_RUNPATH_SEARCH_PATHS = (
					"$(inherited)",
					"@executable_path/Frameworks",
				);
				MARKETING_VERSION = 1.0;
				PRODUCT_BUNDLE_IDENTIFIER = com.rambo.AppIntentsDemo;
				PRODUCT_NAME = "$(TARGET_NAME)";
				SWIFT_EMIT_LOC_STRINGS = YES;
				SWIFT_VERSION = 5.0;
				TARGETED_DEVICE_FAMILY = "1,2";
			};
			name = Debug;
		};
		414FD5BB2897B0B800760438 /* Release */ = {
			isa = XCBuildConfiguration;
			buildSettings = {
				ASSETCATALOG_COMPILER_APPICON_NAME = AppIcon;
				ASSETCATALOG_COMPILER_GLOBAL_ACCENT_COLOR_NAME = AccentColor;
				CODE_SIGN_STYLE = Automatic;
				CURRENT_PROJECT_VERSION = 1;
				DEVELOPMENT_ASSET_PATHS = "\"AppIntentsDemo/Preview Content\"";
				ENABLE_PREVIEWS = YES;
				GENERATE_INFOPLIST_FILE = YES;
				INFOPLIST_KEY_UIApplicationSceneManifest_Generation = YES;
				INFOPLIST_KEY_UIApplicationSupportsIndirectInputEvents = YES;
				INFOPLIST_KEY_UILaunchScreen_Generation = YES;
				INFOPLIST_KEY_UISupportedInterfaceOrientations_iPad = "UIInterfaceOrientationPortrait UIInterfaceOrientationPortraitUpsideDown UIInterfaceOrientationLandscapeLeft UIInterfaceOrientationLandscapeRight";
				INFOPLIST_KEY_UISupportedInterfaceOrientations_iPhone = "UIInterfaceOrientationPortrait UIInterfaceOrientationLandscapeLeft UIInterfaceOrientationLandscapeRight";
				LD_RUNPATH_SEARCH_PATHS = (
					"$(inherited)",
					"@executable_path/Frameworks",
				);
				MARKETING_VERSION = 1.0;
				PRODUCT_BUNDLE_IDENTIFIER = com.rambo.AppIntentsDemo;
				PRODUCT_NAME = "$(TARGET_NAME)";
				SWIFT_EMIT_LOC_STRINGS = YES;
				SWIFT_VERSION = 5.0;
				TARGETED_DEVICE_FAMILY = "1,2";
			};
			name = Release;
		};
		414FD5BD2897B0B800760438 /* Debug */ = {
			isa = XCBuildConfiguration;
			buildSettings = {
				ALWAYS_EMBED_SWIFT_STANDARD_LIBRARIES = YES;
				BUNDLE_LOADER = "$(TEST_HOST)";
				CODE_SIGN_STYLE = Automatic;
				CURRENT_PROJECT_VERSION = 1;
				GENERATE_INFOPLIST_FILE = YES;
				IPHONEOS_DEPLOYMENT_TARGET = 16.0;
				MARKETING_VERSION = 1.0;
				PRODUCT_BUNDLE_IDENTIFIER = com.rambo.AppIntentsDemoTests;
				PRODUCT_NAME = "$(TARGET_NAME)";
				SWIFT_EMIT_LOC_STRINGS = NO;
				SWIFT_VERSION = 5.0;
				TARGETED_DEVICE_FAMILY = "1,2";
				TEST_HOST = "$(BUILT_PRODUCTS_DIR)/AppIntentsDemo.app/$(BUNDLE_EXECUTABLE_FOLDER_PATH)/AppIntentsDemo";
			};
			name = Debug;
		};
		414FD5BE2897B0B800760438 /* Release */ = {
			isa = XCBuildConfiguration;
			buildSettings = {
				ALWAYS_EMBED_SWIFT_STANDARD_LIBRARIES = YES;
				BUNDLE_LOADER = "$(TEST_HOST)";
				CODE_SIGN_STYLE = Automatic;
				CURRENT_PROJECT_VERSION = 1;
				GENERATE_INFOPLIST_FILE = YES;
				IPHONEOS_DEPLOYMENT_TARGET = 16.0;
				MARKETING_VERSION = 1.0;
				PRODUCT_BUNDLE_IDENTIFIER = com.rambo.AppIntentsDemoTests;
				PRODUCT_NAME = "$(TARGET_NAME)";
				SWIFT_EMIT_LOC_STRINGS = NO;
				SWIFT_VERSION = 5.0;
				TARGETED_DEVICE_FAMILY = "1,2";
				TEST_HOST = "$(BUILT_PRODUCTS_DIR)/AppIntentsDemo.app/$(BUNDLE_EXECUTABLE_FOLDER_PATH)/AppIntentsDemo";
			};
			name = Release;
		};
		414FD5C02897B0B800760438 /* Debug */ = {
			isa = XCBuildConfiguration;
			buildSettings = {
				ALWAYS_EMBED_SWIFT_STANDARD_LIBRARIES = YES;
				CODE_SIGN_STYLE = Automatic;
				CURRENT_PROJECT_VERSION = 1;
				GENERATE_INFOPLIST_FILE = YES;
				MARKETING_VERSION = 1.0;
				PRODUCT_BUNDLE_IDENTIFIER = com.rambo.AppIntentsDemoUITests;
				PRODUCT_NAME = "$(TARGET_NAME)";
				SWIFT_EMIT_LOC_STRINGS = NO;
				SWIFT_VERSION = 5.0;
				TARGETED_DEVICE_FAMILY = "1,2";
				TEST_TARGET_NAME = AppIntentsDemo;
			};
			name = Debug;
		};
		414FD5C12897B0B800760438 /* Release */ = {
			isa = XCBuildConfiguration;
			buildSettings = {
				ALWAYS_EMBED_SWIFT_STANDARD_LIBRARIES = YES;
				CODE_SIGN_STYLE = Automatic;
				CURRENT_PROJECT_VERSION = 1;
				GENERATE_INFOPLIST_FILE = YES;
				MARKETING_VERSION = 1.0;
				PRODUCT_BUNDLE_IDENTIFIER = com.rambo.AppIntentsDemoUITests;
				PRODUCT_NAME = "$(TARGET_NAME)";
				SWIFT_EMIT_LOC_STRINGS = NO;
				SWIFT_VERSION = 5.0;
				TARGETED_DEVICE_FAMILY = "1,2";
				TEST_TARGET_NAME = AppIntentsDemo;
			};
			name = Release;
		};
/* End XCBuildConfiguration section */

/* Begin XCConfigurationList section */
		414FD5902897B0B500760438 /* Build configuration list for PBXProject "AppIntentsDemo" */ = {
			isa = XCConfigurationList;
			buildConfigurations = (
				414FD5B72897B0B800760438 /* Debug */,
				414FD5B82897B0B800760438 /* Release */,
			);
			defaultConfigurationIsVisible = 0;
			defaultConfigurationName = Release;
		};
		414FD5B92897B0B800760438 /* Build configuration list for PBXNativeTarget "AppIntentsDemo" */ = {
			isa = XCConfigurationList;
			buildConfigurations = (
				414FD5BA2897B0B800760438 /* Debug */,
				414FD5BB2897B0B800760438 /* Release */,
			);
			defaultConfigurationIsVisible = 0;
			defaultConfigurationName = Release;
		};
		414FD5BC2897B0B800760438 /* Build configuration list for PBXNativeTarget "AppIntentsDemoTests" */ = {
			isa = XCConfigurationList;
			buildConfigurations = (
				414FD5BD2897B0B800760438 /* Debug */,
				414FD5BE2897B0B800760438 /* Release */,
			);
			defaultConfigurationIsVisible = 0;
			defaultConfigurationName = Release;
		};
		414FD5BF2897B0B800760438 /* Build configuration list for PBXNativeTarget "AppIntentsDemoUITests" */ = {
			isa = XCConfigurationList;
			buildConfigurations = (
				414FD5C02897B0B800760438 /* Debug */,
				414FD5C12897B0B800760438 /* Release */,
			);
			defaultConfigurationIsVisible = 0;
			defaultConfigurationName = Release;
		};
/* End XCConfigurationList section */
	};
	rootObject = 414FD58D2897B0B500760438 /* Project object */;
}
